
Microsoft Visual Studio Solution File, Format Version 12.00
# Visual Studio Version 17
VisualStudioVersion = 17.12.35707.178
MinimumVisualStudioVersion = 10.0.40219.1
Project("{2150E333-8FDC-42A3-9474-1A3956D46DE8}") = "Task0", "Task0", "{083AB28F-BE27-45F7-B883-65B8BD9AEC6D}"
EndProject
Project("{FAE04EC0-301F-11D3-BF4B-00C04F79EFBC}") = "Tyuiu.EgorovAD.Sprint6.Task0.V19.Lib", "Tyuiu.EgorovAD.Sprint6.Task0.V19.Lib\Tyuiu.EgorovAD.Sprint6.Task0.V19.Lib.csproj", "{8553A74C-CD05-4E9E-8158-32E5844173B9}"
EndProject
Project("{FAE04EC0-301F-11D3-BF4B-00C04F79EFBC}") = "Tyuiu.EgorovAD.Sprint6.Task0.V19.Test", "Tyuiu.EgorovAD.Sprint6.Task0.V19.Test\Tyuiu.EgorovAD.Sprint6.Task0.V19.Test.csproj", "{B2AEEFE8-30B0-4623-8645-63C936025F28}"
EndProject
Project("{FAE04EC0-301F-11D3-BF4B-00C04F79EFBC}") = "Tyuiu.EgorovAD.Sprint6.Task0.V19", "Tyuiu.EgorovAD.Sprint6.Task0.V19\Tyuiu.EgorovAD.Sprint6.Task0.V19.csproj", "{FC716F36-685A-43BF-A499-3A6BAFFEF929}"
EndProject
Project("{2150E333-8FDC-42A3-9474-1A3956D46DE8}") = "Task1", "Task1", "{5ED78A7C-5116-4445-BC0D-BAFB44BB4156}"
EndProject
Project("{FAE04EC0-301F-11D3-BF4B-00C04F79EFBC}") = "Tyuiu.EgorovAD.Sprint6.Task1.V23", "Tyuiu.EgorovAD.Sprint6.Task1.V23\Tyuiu.EgorovAD.Sprint6.Task1.V23.csproj", "{B7C4A048-3657-4890-B959-6CEF5A5AEDCA}"
EndProject
Project("{FAE04EC0-301F-11D3-BF4B-00C04F79EFBC}") = "Tyuiu.EgorovAD.Sprint6.Task1.V23.Lib", "Tyuiu.EgorovAD.Sprint6.Task1.V23.Lib\Tyuiu.EgorovAD.Sprint6.Task1.V23.Lib.csproj", "{5957F67B-DE4D-4CD8-87E1-443201152C57}"
EndProject
Project("{FAE04EC0-301F-11D3-BF4B-00C04F79EFBC}") = "Tyuiu.EgorovAD.Sprint6.Task1.V23.Test", "Tyuiu.EgorovAD.Sprint6.Task1.V23.Test\Tyuiu.EgorovAD.Sprint6.Task1.V23.Test.csproj", "{C70F89DD-75E0-4D0E-BED9-952D17B0BA8F}"
EndProject
Project("{2150E333-8FDC-42A3-9474-1A3956D46DE8}") = "Task2", "Task2", "{FAAC84A1-A23B-4F28-974D-18DDAABB2539}"
EndProject
Project("{FAE04EC0-301F-11D3-BF4B-00C04F79EFBC}") = "Tyuiu.EgorovAD.Sprint6.Task2.V29", "Tyuiu.EgorovAD.Sprint6.Task2.V29\Tyuiu.EgorovAD.Sprint6.Task2.V29.csproj", "{E842D3B9-35E4-4A23-9906-C8188977D931}"
EndProject
Project("{FAE04EC0-301F-11D3-BF4B-00C04F79EFBC}") = "Tyuiu.EgorovAD.Sprint6.Task2.V29.Lib", "Tyuiu.EgorovAD.Sprint6.Task2.V29.Lib\Tyuiu.EgorovAD.Sprint6.Task2.V29.Lib.csproj", "{BAEED41F-EA43-45F6-817F-84C31D0E4D9F}"
EndProject
Project("{FAE04EC0-301F-11D3-BF4B-00C04F79EFBC}") = "Tyuiu.EgorovAD.Sprint6.Task2.V29.Test", "Tyuiu.EgorovAD.Sprint6.Task2.V29.Test\Tyuiu.EgorovAD.Sprint6.Task2.V29.Test.csproj", "{4A22F168-969F-46F3-9F32-EEB073AC82C3}"
EndProject
Project("{2150E333-8FDC-42A3-9474-1A3956D46DE8}") = "Task3", "Task3", "{857A85FD-D888-4CCB-8126-29CF18E4D97E}"
EndProject
Project("{FAE04EC0-301F-11D3-BF4B-00C04F79EFBC}") = "Tyuiu.EgorovAD.Sprint6.Task3.V5", "Tyuiu.EgorovAD.Sprint6.Task3.V5\Tyuiu.EgorovAD.Sprint6.Task3.V5.csproj", "{0E5F87AD-3C48-44C9-A02D-AA77524834ED}"
EndProject
Project("{FAE04EC0-301F-11D3-BF4B-00C04F79EFBC}") = "Tyuiu.EgorovAD.Sprint6.Task3.V5.Lib", "Tyuiu.EgorovAD.Sprint6.Task3.V5.Lib\Tyuiu.EgorovAD.Sprint6.Task3.V5.Lib.csproj", "{429357A2-B794-4869-B7C8-522040D86727}"
EndProject
Project("{FAE04EC0-301F-11D3-BF4B-00C04F79EFBC}") = "Tyuiu.EgorovAD.Sprint6.Task3.V5.Test", "Tyuiu.EgorovAD.Sprint6.Task3.V5.Test\Tyuiu.EgorovAD.Sprint6.Task3.V5.Test.csproj", "{A0D0D075-4393-45AE-A1D5-B157D680713A}"
EndProject
Project("{2150E333-8FDC-42A3-9474-1A3956D46DE8}") = "Task4", "Task4", "{71BD4539-84C2-4763-BE39-83BC4176A54C}"
EndProject
Project("{FAE04EC0-301F-11D3-BF4B-00C04F79EFBC}") = "Tyuiu.EgorovAD.Sprint6.Task4.V13", "Tyuiu.EgorovAD.Sprint6.Task4.V13\Tyuiu.EgorovAD.Sprint6.Task4.V13.csproj", "{6E9A8361-B191-4CCF-99D3-8D146ADD0F8E}"
EndProject
Project("{FAE04EC0-301F-11D3-BF4B-00C04F79EFBC}") = "Tyuiu.EgorovAD.Sprint6.Task4.V13.Test", "Tyuiu.EgorovAD.Sprint6.Task4.V13.Test\Tyuiu.EgorovAD.Sprint6.Task4.V13.Test.csproj", "{88E65DD5-8D41-4E95-AD6F-882B8CB74B70}"
EndProject
Project("{FAE04EC0-301F-11D3-BF4B-00C04F79EFBC}") = "Tyuiu.EgorovAD.Sprint6.Task4.V13.Lib", "Tyuiu.EgorovAD.Sprint6.Task4.V13.Lib\Tyuiu.EgorovAD.Sprint6.Task4.V13.Lib.csproj", "{5DE64A67-CAD2-40D7-B304-91F97DC25176}"
EndProject
Project("{2150E333-8FDC-42A3-9474-1A3956D46DE8}") = "Task5", "Task5", "{64D8A56B-F25F-4BC9-813A-EB2052BF1843}"
EndProject
Project("{FAE04EC0-301F-11D3-BF4B-00C04F79EFBC}") = "Tyuiu.EgorovAD.Sprint6.Task5.V1", "Tyuiu.EgorovAD.Sprint6.Task5.V1\Tyuiu.EgorovAD.Sprint6.Task5.V1.csproj", "{10C94DF5-5EC0-44DD-B9F2-D548ED20EB6A}"
EndProject
Project("{FAE04EC0-301F-11D3-BF4B-00C04F79EFBC}") = "Tyuiu.EgorovAD.Sprint6.Task5.V1.Lib", "Tyuiu.EgorovAD.Sprint6.Task5.V1.Lib\Tyuiu.EgorovAD.Sprint6.Task5.V1.Lib.csproj", "{2D3D6E24-6BD5-4755-945A-E327B3BA643B}"
EndProject
Project("{FAE04EC0-301F-11D3-BF4B-00C04F79EFBC}") = "Tyuiu.EgorovAD.Sprint6.Task5.V1.Test", "Tyuiu.EgorovAD.Sprint6.Task5.V1.Test\Tyuiu.EgorovAD.Sprint6.Task5.V1.Test.csproj", "{DEE2631A-6C65-4A54-8528-7C6F8B2FC1A3}"
EndProject
Project("{2150E333-8FDC-42A3-9474-1A3956D46DE8}") = "Task6", "Task6", "{D8315CA3-9199-4ED7-9231-777102BB917E}"
EndProject
Project("{FAE04EC0-301F-11D3-BF4B-00C04F79EFBC}") = "Tyuiu.EgorovAD.Sprint6.Task6.V17", "Tyuiu.EgorovAD.Sprint6.Task6.V17\Tyuiu.EgorovAD.Sprint6.Task6.V17.csproj", "{1D585388-6BCD-485E-B437-85E806BDDB2C}"
EndProject
Project("{FAE04EC0-301F-11D3-BF4B-00C04F79EFBC}") = "Tyuiu.EgorovAD.Sprint6.Task6.V17.Lib", "Tyuiu.EgorovAD.Sprint6.Task6.V17.Lib\Tyuiu.EgorovAD.Sprint6.Task6.V17.Lib.csproj", "{9152655D-663F-4E9B-A25B-06C982D976E6}"
EndProject
Project("{FAE04EC0-301F-11D3-BF4B-00C04F79EFBC}") = "Tyuiu.EgorovAD.Sprint6.Task6.V17.Test", "Tyuiu.EgorovAD.Sprint6.Task6.V17.Test\Tyuiu.EgorovAD.Sprint6.Task6.V17.Test.csproj", "{A444DB16-EC2D-4DC0-B35C-F262BD1E2058}"
EndProject
Global
	GlobalSection(SolutionConfigurationPlatforms) = preSolution
		Debug|Any CPU = Debug|Any CPU
		Release|Any CPU = Release|Any CPU
	EndGlobalSection
	GlobalSection(ProjectConfigurationPlatforms) = postSolution
		{8553A74C-CD05-4E9E-8158-32E5844173B9}.Debug|Any CPU.ActiveCfg = Debug|Any CPU
		{8553A74C-CD05-4E9E-8158-32E5844173B9}.Debug|Any CPU.Build.0 = Debug|Any CPU
		{8553A74C-CD05-4E9E-8158-32E5844173B9}.Release|Any CPU.ActiveCfg = Release|Any CPU
		{8553A74C-CD05-4E9E-8158-32E5844173B9}.Release|Any CPU.Build.0 = Release|Any CPU
		{B2AEEFE8-30B0-4623-8645-63C936025F28}.Debug|Any CPU.ActiveCfg = Debug|Any CPU
		{B2AEEFE8-30B0-4623-8645-63C936025F28}.Debug|Any CPU.Build.0 = Debug|Any CPU
		{B2AEEFE8-30B0-4623-8645-63C936025F28}.Release|Any CPU.ActiveCfg = Release|Any CPU
		{B2AEEFE8-30B0-4623-8645-63C936025F28}.Release|Any CPU.Build.0 = Release|Any CPU
		{FC716F36-685A-43BF-A499-3A6BAFFEF929}.Debug|Any CPU.ActiveCfg = Debug|Any CPU
		{FC716F36-685A-43BF-A499-3A6BAFFEF929}.Debug|Any CPU.Build.0 = Debug|Any CPU
		{FC716F36-685A-43BF-A499-3A6BAFFEF929}.Release|Any CPU.ActiveCfg = Release|Any CPU
		{FC716F36-685A-43BF-A499-3A6BAFFEF929}.Release|Any CPU.Build.0 = Release|Any CPU
		{B7C4A048-3657-4890-B959-6CEF5A5AEDCA}.Debug|Any CPU.ActiveCfg = Debug|Any CPU
		{B7C4A048-3657-4890-B959-6CEF5A5AEDCA}.Debug|Any CPU.Build.0 = Debug|Any CPU
		{B7C4A048-3657-4890-B959-6CEF5A5AEDCA}.Release|Any CPU.ActiveCfg = Release|Any CPU
		{B7C4A048-3657-4890-B959-6CEF5A5AEDCA}.Release|Any CPU.Build.0 = Release|Any CPU
		{5957F67B-DE4D-4CD8-87E1-443201152C57}.Debug|Any CPU.ActiveCfg = Debug|Any CPU
		{5957F67B-DE4D-4CD8-87E1-443201152C57}.Debug|Any CPU.Build.0 = Debug|Any CPU
		{5957F67B-DE4D-4CD8-87E1-443201152C57}.Release|Any CPU.ActiveCfg = Release|Any CPU
		{5957F67B-DE4D-4CD8-87E1-443201152C57}.Release|Any CPU.Build.0 = Release|Any CPU
		{C70F89DD-75E0-4D0E-BED9-952D17B0BA8F}.Debug|Any CPU.ActiveCfg = Debug|Any CPU
		{C70F89DD-75E0-4D0E-BED9-952D17B0BA8F}.Debug|Any CPU.Build.0 = Debug|Any CPU
		{C70F89DD-75E0-4D0E-BED9-952D17B0BA8F}.Release|Any CPU.ActiveCfg = Release|Any CPU
		{C70F89DD-75E0-4D0E-BED9-952D17B0BA8F}.Release|Any CPU.Build.0 = Release|Any CPU
		{E842D3B9-35E4-4A23-9906-C8188977D931}.Debug|Any CPU.ActiveCfg = Debug|Any CPU
		{E842D3B9-35E4-4A23-9906-C8188977D931}.Debug|Any CPU.Build.0 = Debug|Any CPU
		{E842D3B9-35E4-4A23-9906-C8188977D931}.Release|Any CPU.ActiveCfg = Release|Any CPU
		{E842D3B9-35E4-4A23-9906-C8188977D931}.Release|Any CPU.Build.0 = Release|Any CPU
		{BAEED41F-EA43-45F6-817F-84C31D0E4D9F}.Debug|Any CPU.ActiveCfg = Debug|Any CPU
		{BAEED41F-EA43-45F6-817F-84C31D0E4D9F}.Debug|Any CPU.Build.0 = Debug|Any CPU
		{BAEED41F-EA43-45F6-817F-84C31D0E4D9F}.Release|Any CPU.ActiveCfg = Release|Any CPU
		{BAEED41F-EA43-45F6-817F-84C31D0E4D9F}.Release|Any CPU.Build.0 = Release|Any CPU
		{4A22F168-969F-46F3-9F32-EEB073AC82C3}.Debug|Any CPU.ActiveCfg = Debug|Any CPU
		{4A22F168-969F-46F3-9F32-EEB073AC82C3}.Debug|Any CPU.Build.0 = Debug|Any CPU
		{4A22F168-969F-46F3-9F32-EEB073AC82C3}.Release|Any CPU.ActiveCfg = Release|Any CPU
		{4A22F168-969F-46F3-9F32-EEB073AC82C3}.Release|Any CPU.Build.0 = Release|Any CPU
		{0E5F87AD-3C48-44C9-A02D-AA77524834ED}.Debug|Any CPU.ActiveCfg = Debug|Any CPU
		{0E5F87AD-3C48-44C9-A02D-AA77524834ED}.Debug|Any CPU.Build.0 = Debug|Any CPU
		{0E5F87AD-3C48-44C9-A02D-AA77524834ED}.Release|Any CPU.ActiveCfg = Release|Any CPU
		{0E5F87AD-3C48-44C9-A02D-AA77524834ED}.Release|Any CPU.Build.0 = Release|Any CPU
		{429357A2-B794-4869-B7C8-522040D86727}.Debug|Any CPU.ActiveCfg = Debug|Any CPU
		{429357A2-B794-4869-B7C8-522040D86727}.Debug|Any CPU.Build.0 = Debug|Any CPU
		{429357A2-B794-4869-B7C8-522040D86727}.Release|Any CPU.ActiveCfg = Release|Any CPU
		{429357A2-B794-4869-B7C8-522040D86727}.Release|Any CPU.Build.0 = Release|Any CPU
		{A0D0D075-4393-45AE-A1D5-B157D680713A}.Debug|Any CPU.ActiveCfg = Debug|Any CPU
		{A0D0D075-4393-45AE-A1D5-B157D680713A}.Debug|Any CPU.Build.0 = Debug|Any CPU
		{A0D0D075-4393-45AE-A1D5-B157D680713A}.Release|Any CPU.ActiveCfg = Release|Any CPU
		{A0D0D075-4393-45AE-A1D5-B157D680713A}.Release|Any CPU.Build.0 = Release|Any CPU
		{6E9A8361-B191-4CCF-99D3-8D146ADD0F8E}.Debug|Any CPU.ActiveCfg = Debug|Any CPU
		{6E9A8361-B191-4CCF-99D3-8D146ADD0F8E}.Debug|Any CPU.Build.0 = Debug|Any CPU
		{6E9A8361-B191-4CCF-99D3-8D146ADD0F8E}.Release|Any CPU.ActiveCfg = Release|Any CPU
		{6E9A8361-B191-4CCF-99D3-8D146ADD0F8E}.Release|Any CPU.Build.0 = Release|Any CPU
		{88E65DD5-8D41-4E95-AD6F-882B8CB74B70}.Debug|Any CPU.ActiveCfg = Debug|Any CPU
		{88E65DD5-8D41-4E95-AD6F-882B8CB74B70}.Debug|Any CPU.Build.0 = Debug|Any CPU
		{88E65DD5-8D41-4E95-AD6F-882B8CB74B70}.Release|Any CPU.ActiveCfg = Release|Any CPU
		{88E65DD5-8D41-4E95-AD6F-882B8CB74B70}.Release|Any CPU.Build.0 = Release|Any CPU
		{5DE64A67-CAD2-40D7-B304-91F97DC25176}.Debug|Any CPU.ActiveCfg = Debug|Any CPU
		{5DE64A67-CAD2-40D7-B304-91F97DC25176}.Debug|Any CPU.Build.0 = Debug|Any CPU
		{5DE64A67-CAD2-40D7-B304-91F97DC25176}.Release|Any CPU.ActiveCfg = Release|Any CPU
		{5DE64A67-CAD2-40D7-B304-91F97DC25176}.Release|Any CPU.Build.0 = Release|Any CPU
		{10C94DF5-5EC0-44DD-B9F2-D548ED20EB6A}.Debug|Any CPU.ActiveCfg = Debug|Any CPU
		{10C94DF5-5EC0-44DD-B9F2-D548ED20EB6A}.Debug|Any CPU.Build.0 = Debug|Any CPU
		{10C94DF5-5EC0-44DD-B9F2-D548ED20EB6A}.Release|Any CPU.ActiveCfg = Release|Any CPU
		{10C94DF5-5EC0-44DD-B9F2-D548ED20EB6A}.Release|Any CPU.Build.0 = Release|Any CPU
		{2D3D6E24-6BD5-4755-945A-E327B3BA643B}.Debug|Any CPU.ActiveCfg = Debug|Any CPU
		{2D3D6E24-6BD5-4755-945A-E327B3BA643B}.Debug|Any CPU.Build.0 = Debug|Any CPU
		{2D3D6E24-6BD5-4755-945A-E327B3BA643B}.Release|Any CPU.ActiveCfg = Release|Any CPU
		{2D3D6E24-6BD5-4755-945A-E327B3BA643B}.Release|Any CPU.Build.0 = Release|Any CPU
		{DEE2631A-6C65-4A54-8528-7C6F8B2FC1A3}.Debug|Any CPU.ActiveCfg = Debug|Any CPU
		{DEE2631A-6C65-4A54-8528-7C6F8B2FC1A3}.Debug|Any CPU.Build.0 = Debug|Any CPU
		{DEE2631A-6C65-4A54-8528-7C6F8B2FC1A3}.Release|Any CPU.ActiveCfg = Release|Any CPU
		{DEE2631A-6C65-4A54-8528-7C6F8B2FC1A3}.Release|Any CPU.Build.0 = Release|Any CPU
		{1D585388-6BCD-485E-B437-85E806BDDB2C}.Debug|Any CPU.ActiveCfg = Debug|Any CPU
		{1D585388-6BCD-485E-B437-85E806BDDB2C}.Debug|Any CPU.Build.0 = Debug|Any CPU
		{1D585388-6BCD-485E-B437-85E806BDDB2C}.Release|Any CPU.ActiveCfg = Release|Any CPU
		{1D585388-6BCD-485E-B437-85E806BDDB2C}.Release|Any CPU.Build.0 = Release|Any CPU
		{9152655D-663F-4E9B-A25B-06C982D976E6}.Debug|Any CPU.ActiveCfg = Debug|Any CPU
		{9152655D-663F-4E9B-A25B-06C982D976E6}.Debug|Any CPU.Build.0 = Debug|Any CPU
		{9152655D-663F-4E9B-A25B-06C982D976E6}.Release|Any CPU.ActiveCfg = Release|Any CPU
		{9152655D-663F-4E9B-A25B-06C982D976E6}.Release|Any CPU.Build.0 = Release|Any CPU
		{A444DB16-EC2D-4DC0-B35C-F262BD1E2058}.Debug|Any CPU.ActiveCfg = Debug|Any CPU
		{A444DB16-EC2D-4DC0-B35C-F262BD1E2058}.Debug|Any CPU.Build.0 = Debug|Any CPU
		{A444DB16-EC2D-4DC0-B35C-F262BD1E2058}.Release|Any CPU.ActiveCfg = Release|Any CPU
		{A444DB16-EC2D-4DC0-B35C-F262BD1E2058}.Release|Any CPU.Build.0 = Release|Any CPU
	EndGlobalSection
	GlobalSection(SolutionProperties) = preSolution
		HideSolutionNode = FALSE
	EndGlobalSection
	GlobalSection(NestedProjects) = preSolution
		{8553A74C-CD05-4E9E-8158-32E5844173B9} = {083AB28F-BE27-45F7-B883-65B8BD9AEC6D}
		{B2AEEFE8-30B0-4623-8645-63C936025F28} = {083AB28F-BE27-45F7-B883-65B8BD9AEC6D}
		{FC716F36-685A-43BF-A499-3A6BAFFEF929} = {083AB28F-BE27-45F7-B883-65B8BD9AEC6D}
		{B7C4A048-3657-4890-B959-6CEF5A5AEDCA} = {5ED78A7C-5116-4445-BC0D-BAFB44BB4156}
		{5957F67B-DE4D-4CD8-87E1-443201152C57} = {5ED78A7C-5116-4445-BC0D-BAFB44BB4156}
		{C70F89DD-75E0-4D0E-BED9-952D17B0BA8F} = {5ED78A7C-5116-4445-BC0D-BAFB44BB4156}
		{E842D3B9-35E4-4A23-9906-C8188977D931} = {FAAC84A1-A23B-4F28-974D-18DDAABB2539}
		{BAEED41F-EA43-45F6-817F-84C31D0E4D9F} = {FAAC84A1-A23B-4F28-974D-18DDAABB2539}
		{4A22F168-969F-46F3-9F32-EEB073AC82C3} = {FAAC84A1-A23B-4F28-974D-18DDAABB2539}
		{0E5F87AD-3C48-44C9-A02D-AA77524834ED} = {857A85FD-D888-4CCB-8126-29CF18E4D97E}
		{429357A2-B794-4869-B7C8-522040D86727} = {857A85FD-D888-4CCB-8126-29CF18E4D97E}
		{A0D0D075-4393-45AE-A1D5-B157D680713A} = {857A85FD-D888-4CCB-8126-29CF18E4D97E}
		{6E9A8361-B191-4CCF-99D3-8D146ADD0F8E} = {71BD4539-84C2-4763-BE39-83BC4176A54C}
		{88E65DD5-8D41-4E95-AD6F-882B8CB74B70} = {71BD4539-84C2-4763-BE39-83BC4176A54C}
		{5DE64A67-CAD2-40D7-B304-91F97DC25176} = {71BD4539-84C2-4763-BE39-83BC4176A54C}
		{10C94DF5-5EC0-44DD-B9F2-D548ED20EB6A} = {64D8A56B-F25F-4BC9-813A-EB2052BF1843}
		{2D3D6E24-6BD5-4755-945A-E327B3BA643B} = {64D8A56B-F25F-4BC9-813A-EB2052BF1843}
		{DEE2631A-6C65-4A54-8528-7C6F8B2FC1A3} = {64D8A56B-F25F-4BC9-813A-EB2052BF1843}
		{1D585388-6BCD-485E-B437-85E806BDDB2C} = {D8315CA3-9199-4ED7-9231-777102BB917E}
		{9152655D-663F-4E9B-A25B-06C982D976E6} = {D8315CA3-9199-4ED7-9231-777102BB917E}
		{A444DB16-EC2D-4DC0-B35C-F262BD1E2058} = {D8315CA3-9199-4ED7-9231-777102BB917E}
	EndGlobalSection
EndGlobal
